---
lockfileVersion: 1
lockfileVendor: redhat
arches:
- arch: x86_64
  packages:
  - url: https://cdn.redhat.com/content/eus/rhel9/9.6/x86_64/baseos/os/Packages/o/openssh-8.7p1-45.el9_6.2.x86_64.rpm
    repoid: rhel-9-for-x86_64-baseos-eus-rpms
    size: 467767
    checksum: sha256:565be9396284a3e184e9ed191f0f37017ea38b746edc4d1e949ad325809ea3a8
    name: openssh
    evr: 8.7p1-45.el9_6.2
    sourcerpm: openssh-8.7p1-45.el9_6.2.src.rpm
  - url: https://cdn.redhat.com/content/eus/rhel9/9.6/x86_64/baseos/os/Packages/o/openssh-clients-8.7p1-45.el9_6.2.x86_64.rpm
    repoid: rhel-9-for-x86_64-baseos-eus-rpms
    size: 728730
    checksum: sha256:4773b6813ea7d5336140d853474333292470d4dc83842403d8eb7feaee45d5c4
    name: openssh-clients
    evr: 8.7p1-45.el9_6.2
    sourcerpm: openssh-8.7p1-45.el9_6.2.src.rpm
  - url: https://cdn.redhat.com/content/eus/rhel9/9.6/x86_64/baseos/os/Packages/o/openssh-server-8.7p1-45.el9_6.2.x86_64.rpm
    repoid: rhel-9-for-x86_64-baseos-eus-rpms
    size: 467579
    checksum: sha256:1e7852baed174ab75d0353ebe1069f1c6d1f16b737d179e6d673d98594aab3e9
    name: openssh-server
    evr: 8.7p1-45.el9_6.2
    sourcerpm: openssh-8.7p1-45.el9_6.2.src.rpm
  source: []
  module_metadata: []
