{
    "_meta": {
        "hash": {
            "sha256": "932ebedb850b8777915c234e95d9854c9a119b2f7902d370a02abbcf37fb7607"
        },
        "pipfile-spec": 6,
        "requires": {
            "python_version": "3.12"
        },
        "sources": [
            {
                "name": "pip_conf_index_global",
                "url": "https://console.redhat.com/api/pypi/public-rhai/rhoai/3.3/cuda13.0-ubi9/simple/",
                "verify_ssl": true
            }
        ]
    },
    "default": {
        "absl-py": {
            "hashes": [
                "sha256:a96de20ad4f0df3c14b6dfd43c5c2e0f8b6d4e7579333c03f5fb40561e795d12"
            ],
            "markers": "python_version >= '3.8'",
            "version": "==2.3.1"
        },
        "accelerate": {
            "hashes": [
                "sha256:040991fc8e47ca0ce4e583a75386f1a95e7174320790852251098f8c66fd2e9e"
            ],
            "index": "pip_conf_index_global",
            "markers": "python_full_version >= '3.10.0'",
            "version": "==1.12.0"
        },
        "aiofiles": {
            "hashes": [
                "sha256:f6322290c9438de8c140cac3377739ef768bd06b6f5dbc77d231ea48289db7e8"
            ],
            "index": "pip_conf_index_global",
            "markers": "python_version >= '3.9'",
            "version": "==25.1.0"
        },
        "aiohappyeyeballs": {
            "hashes": [
                "sha256:5c6db52c3a97af32e169b0444c33005ee447e001e91d6534bdb7e645a3acd2e3"
            ],
            "markers": "python_version >= '3.9'",
            "version": "==2.6.1"
        },
        "aiohttp": {
            "hashes": [
                "sha256:0a1f93ed833164652d124fc668274a71482ebd42c99537484e199ed2501d6d38",
                "sha256:988185433e2263c6e184b0f8ccd9b20f1852fc476d6319e19314251792fba3ce"
            ],
            "index": "pip_conf_index_global",
            "markers": "python_version >= '3.9'",
            "version": "==3.13.3"
        },
        "aiosignal": {
            "hashes": [
                "sha256:8380869e3d2f1af65cd8075a70a88b5666b61920a21cd01cc92c6e2b2ddcd6c6"
            ],
            "markers": "python_version >= '3.9'",
            "version": "==1.4.0"
        },
        "alembic": {
            "hashes": [
                "sha256:54ce3963515bc5837ec404fe2a93b3425a8ff93ae046d48a423cdb48a278f22c"
            ],
            "markers": "python_version >= '3.10'",
            "version": "==1.18.1"
        },
        "annotated-doc": {
            "hashes": [
                "sha256:8cd4572e56df53b79a34dec0aa2fc2a26685dc965e66d45f5d84010fe408a702"
            ],
            "markers": "python_version >= '3.8'",
            "version": "==0.0.4"
        },
        "annotated-types": {
            "hashes": [
                "sha256:e8405d526204dad88613135db13188eeeca2c78f329ace4e5301e3ba0d506471"
            ],
            "markers": "python_version >= '3.8'",
            "version": "==0.7.0"
        },
        "anyio": {
            "hashes": [
                "sha256:c173b06ff28000b3b19ada442f73dfc2c0228900e26eea86c5c915d78b428cc4"
            ],
            "markers": "python_version >= '3.9'",
            "version": "==4.12.1"
        },
        "async-timeout": {
            "hashes": [
                "sha256:cd83ff1a5201c9fd21d8eb29fb0851ccdedd696208f71020869ab6438425fb21"
            ],
            "index": "pip_conf_index_global",
            "markers": "python_version >= '3.8'",
            "version": "==5.0.1"
        },
        "attr": {
            "hashes": [
                "sha256:4525bace756d56df4f2ba4b8967a3785e9155edb7cf6470f4a0dc8ad22e58e6a"
            ],
            "version": "==0.3.2"
        },
        "attrs": {
            "hashes": [
                "sha256:2fcb09c77813a0afbfaecfd95a9706b68fcbc00d5d01f08a7c2fe712c44f4d42"
            ],
            "markers": "python_version >= '3.9'",
            "version": "==25.4.0"
        },
        "bitsandbytes": {
            "hashes": [
                "sha256:63eba2bb854e37da484e86280bb317ceeb3f9edc636d5276d6c7eefa85f43fa6",
                "sha256:92613f1bcb1f40e29a08d41a365026d2dfc68933e9069b1f388b1faed9b583c4"
            ],
            "index": "pip_conf_index_global",
            "markers": "python_version >= '3.10'",
            "version": "==0.49.1"
        },
        "blinker": {
            "hashes": [
                "sha256:c9a85f5dcf32a4de4ef7b9dbb888eec803a7401abeb8bb7848d3fb4538d2bdcb"
            ],
            "markers": "python_version >= '3.9'",
            "version": "==1.9.0"
        },
        "cachetools": {
            "hashes": [
                "sha256:0cb17231e47bbfddd698b97772cea84733595ee62f1b2e4850da0602e9a4be64"
            ],
            "markers": "python_version >= '3.9'",
            "version": "==6.2.4"
        },
        "causal-conv1d": {
            "hashes": [
                "sha256:4f991fcfa6f28c4b3588971a0c83feb179b3fb3050c841b6e617095513bb8449",
                "sha256:d981fdd1d8affab4ddb2a348441f415e0b5d413be333717384cd4ecd98392211"
            ],
            "index": "pip_conf_index_global",
            "markers": "python_version >= '3.9'",
            "version": "==1.5.3.post1"
        },
        "certifi": {
            "hashes": [
                "sha256:404fa7064c463103651d4071eb1e71cb79b97ce59c13126861630543eca0cfc3"
            ],
            "markers": "python_version >= '3.7'",
            "version": "==2026.1.4"
        },
        "cffi": {
            "hashes": [
                "sha256:361f9f2d1526f1cf116c27f1c64afdb6d9081b1e092e403a60e46beda958bd03",
                "sha256:3dc738218a0772f7c7cc6510d9765eb5fa4899ebf0ea3d5864312ed6e47f42c9"
            ],
            "markers": "python_version >= '3.9'",
            "version": "==2.0.0"
        },
        "charset-normalizer": {
            "hashes": [
                "sha256:cbfac1543fce80e3712c2b0ec8da49f09067393957c03dd5c0c11921f4990911"
            ],
            "markers": "python_version >= '3.7'",
            "version": "==3.4.4"
        },
        "click": {
            "hashes": [
                "sha256:0436e3ceb7fce9885c84bc9e4ec60ffc42e196c32627df18d32ea94204351dfd"
            ],
            "markers": "python_version >= '3.10'",
            "version": "==8.3.1"
        },
        "cloudpickle": {
            "hashes": [
                "sha256:91ea2d353f55bc89d3ee111fe163d1e4a468511f413bda3b0d16ec1164d52dbe"
            ],
            "markers": "python_version >= '3.8'",
            "version": "==3.1.2"
        },
        "contourpy": {
            "hashes": [
                "sha256:0242c7f6565a5932a10d62e9925c44bea42be986d40acf7eb227ca2816932483",
                "sha256:acd99e5975554d8ceb23666ae59da324d419b52def040385ddd40b882b3eb5f9"
            ],
            "markers": "python_version >= '3.11'",
            "version": "==1.3.3"
        },
        "cryptography": {
            "hashes": [
                "sha256:6055481693d7ae15b87562db496b2da9224368da1ba0f3469e60e8db8f35427e",
                "sha256:da36c11c92660837f9a74a079df7fc931996b213bd06478fa1f68a406f855664"
            ],
            "markers": "python_version >= '3.8' and python_full_version not in '3.9.0, 3.9.1'",
            "version": "==46.0.3"
        },
        "cut-cross-entropy": {
            "hashes": [
                "sha256:662951d6ca5b0bf2ba8a8d2a707ec5d42994a2fa9d5403fb0a1a5a0eb6ea836a"
            ],
            "markers": "python_version >= '3.10'",
            "version": "==25.1.1"
        },
        "cycler": {
            "hashes": [
                "sha256:82191a48a8194d04b52904f541a15803ab1b1d3e7344ce9362115eb365b8b961"
            ],
            "markers": "python_version >= '3.8'",
            "version": "==0.12.1"
        },
        "databricks-sdk": {
            "hashes": [
                "sha256:3c8e7060146e92ed8c0a36c25ff5466502f4c7bc81e07b6de9688deb570eeac8"
            ],
            "markers": "python_version >= '3.7'",
            "version": "==0.78.0"
        },
        "datasets": {
            "hashes": [
                "sha256:5cf424696c96ad622a62b7218e87fe876ab56a5b5ce953ce8fe670e80c4d512a"
            ],
            "index": "pip_conf_index_global",
            "markers": "python_full_version >= '3.9.0'",
            "version": "==4.3.0"
        },
        "deepspeed": {
            "hashes": [
                "sha256:2ec8999723663b40b1fe913571afc69a99ca3f9397c55cb237bae2b7dec9a430"
            ],
            "index": "pip_conf_index_global",
            "version": "==0.18.4"
        },
        "deprecated": {
            "hashes": [
                "sha256:45fcb2b972e5d6612bc0333d4643faafc7320acf97d843b5bbcdec7e9c30f328"
            ],
            "index": "pip_conf_index_global",
            "markers": "python_version >= '2.7' and python_version not in '3.0, 3.1, 3.2, 3.3'",
            "version": "==1.3.1"
        },
        "diffusers": {
            "hashes": [
                "sha256:9527297c0a24a6c3adb8f9cf3f96ca15f70f537fd5298aaf1a57219d8ea48461"
            ],
            "markers": "python_full_version >= '3.8.0'",
            "version": "==0.36.0"
        },
        "dill": {
            "hashes": [
                "sha256:c5ddb0d42cd329eaedc756ff480d5fbb54cb24bb43511d37f9c92cb22f81ecd9"
            ],
            "markers": "python_version >= '3.8'",
            "version": "==0.4.0"
        },
        "docker": {
            "hashes": [
                "sha256:99632bcf33c8866a896c69e7e0658c04e38015b89c72f8238465e7e6a3e19510"
            ],
            "markers": "python_version >= '3.8'",
            "version": "==7.1.0"
        },
        "docstring-parser": {
            "hashes": [
                "sha256:26d354b0b88d33ea352357f4845dc6b388018a17b1d4c7248eff52e8b84404c8"
            ],
            "markers": "python_version >= '3.8'",
            "version": "==0.17.0"
        },
        "einops": {
            "hashes": [
                "sha256:5abae090f85f6d702965d25c88bd17c3076cf88d8cf2ddffc6df35a2d2206e9d"
            ],
            "index": "pip_conf_index_global",
            "markers": "python_version >= '3.8'",
            "version": "==0.8.1"
        },
        "fastapi": {
            "hashes": [
                "sha256:62b859680669b3a84c46ed303db8e998e4dfb94212363f6e8b921ce5db55a9d1"
            ],
            "markers": "python_version >= '3.9'",
            "version": "==0.128.0"
        },
        "filelock": {
            "hashes": [
                "sha256:047781b38ad1dda61dd4373d699945f5f31d843de59f5f9861d3136d1ef79c35"
            ],
            "markers": "python_version >= '3.10'",
            "version": "==3.20.3"
        },
        "flash-attn": {
            "hashes": [
                "sha256:a921fa918bbd8540dc7ca88e540734ac484181dc5f7016e53342c5aff14e7f09",
                "sha256:d1b0a1e400f19a7a03d2be0ee506966231f55ed4a57b98569f2a99d5c807dd8f"
            ],
            "index": "pip_conf_index_global",
            "markers": "python_version >= '3.9'",
            "version": "==2.8.3"
        },
        "flask": {
            "hashes": [
                "sha256:6090b498574d5d0b331c074ffcbc1abb7a2f53d37590ee5d3b8929e5fe151d20"
            ],
            "markers": "python_version >= '3.9'",
            "version": "==3.1.2"
        },
        "flask-cors": {
            "hashes": [
                "sha256:19071cfc168bf182b3a106289633a27537c811f8c44b9dbbd729f6cc7143fefb"
            ],
            "markers": "python_version >= '3.9' and python_version < '4.0'",
            "version": "==6.0.2"
        },
        "fonttools": {
            "hashes": [
                "sha256:9c7dc50a9d33be1b065beb0ec74dc9e1269678045df9822d71dd111f0394fd27"
            ],
            "markers": "python_version >= '3.10'",
            "version": "==4.61.1"
        },
        "frozenlist": {
            "hashes": [
                "sha256:3e300d0d8b9916edb28113c109159140657364a492d3f96263627e9282384b9f",
                "sha256:ca1f8e63545be884f86437f8f7ce50c9e2ec2eb176ad123e1afb79cf9674d952"
            ],
            "markers": "python_version >= '3.9'",
            "version": "==1.8.0"
        },
        "fsspec": {
            "extras": [
                "http"
            ],
            "hashes": [
                "sha256:9d51cceaa1ed29c1cf6804cf5a3d3d6c91f85fddb722fb2f5589bc30437b816d"
            ],
            "index": "pip_conf_index_global",
            "markers": "python_version >= '3.9'",
            "version": "==2025.9.0"
        },
        "gitdb": {
            "hashes": [
                "sha256:81637008d1ef25b9f15fca926485a04e7f48f3266838a098a9c05f8ca518b213"
            ],
            "markers": "python_version >= '3.7'",
            "version": "==4.0.12"
        },
        "gitpython": {
            "hashes": [
                "sha256:8d7095f430aac1477e999be25f673dc2da7b08f3d8a0f55dc5f3c01059414b51"
            ],
            "markers": "python_version >= '3.7'",
            "version": "==3.1.46"
        },
        "google-auth": {
            "hashes": [
                "sha256:7800e481c963cf742b1850ca8cc86d8dfa8f9d873539558e82bfaae00bae25cc"
            ],
            "markers": "python_version >= '3.8'",
            "version": "==2.47.0"
        },
        "graphene": {
            "hashes": [
                "sha256:c91b51c86384027edce889171f8b9d92c2f7f2fb287da20bd559a05cfddebf83"
            ],
            "version": "==3.4.3"
        },
        "graphql-core": {
            "hashes": [
                "sha256:549b6394e1fe3e7f98caf552c5d3fc5ea51b964b98ff903e8bb7e5cc5966996c"
            ],
            "markers": "python_version >= '3.7' and python_version < '4.0'",
            "version": "==3.2.7"
        },
        "graphql-relay": {
            "hashes": [
                "sha256:f47310a2aa732bb8fc512be3a91af9b69603972a762a6dd97a370d1ba692537f"
            ],
            "markers": "python_version >= '3.6' and python_version < '4.0'",
            "version": "==3.2.0"
        },
        "greenlet": {
            "hashes": [
                "sha256:18eb1eaf24a7c35105bcd095bbf668b8365a8f8767fb30c1888b5ae9fa946836",
                "sha256:a0c69dd22d98bef16888447f506b0e0ec54314d553e3dc085458f7d5e9e206cc"
            ],
            "markers": "python_version >= '3.10'",
            "version": "==3.3.0"
        },
        "grpcio": {
            "hashes": [
                "sha256:2a15cee2c6e93faa44264145503b6805fdcaae97d7d4735b6d9e244092f9ba36",
                "sha256:ae56779d21bee16de8180f00d4451587e403f463e2730354f8e9ac14ccfc6fa5"
            ],
            "markers": "python_version >= '3.9'",
            "version": "==1.76.0"
        },
        "gunicorn": {
            "hashes": [
                "sha256:81a6bf34f878a173b9c411638bb79cf9275fb3090a1a1358f320286619e00034"
            ],
            "markers": "python_version >= '3.7'",
            "version": "==23.0.0"
        },
        "h11": {
            "hashes": [
                "sha256:1298ea3341227ea234eb3b3c8eeae2e6dccda8684c54404664620d2d4d5ba7a6"
            ],
            "markers": "python_version >= '3.8'",
            "version": "==0.16.0"
        },
        "hf-transfer": {
            "hashes": [
                "sha256:36ad435165e6efec8418e82416c1f0723c2c500785baccde9848e5d3f9348123",
                "sha256:4a4c0ce2d3e18eb0ad4736932501ffb82e157e08961c254e049739443e3f4859"
            ],
            "markers": "python_version >= '3.7'",
            "version": "==0.1.9"
        },
        "hf-xet": {
            "hashes": [
                "sha256:09cddec24998eebf1c0c34ca6c178e30533bd782adeddd7aaf8da9a6776e6273",
                "sha256:7688d30fc277eed0cd619ede9530032e9e107a2633da6748764ed207dc8acbc1"
            ],
            "index": "pip_conf_index_global",
            "markers": "python_version >= '3.8'",
            "version": "==1.2.0"
        },
        "hjson": {
            "hashes": [
                "sha256:a557ccdae414f892748e740e3904127a42cb947102a1536fe162cb160075082f"
            ],
            "version": "==3.1.0"
        },
        "httpcore": {
            "hashes": [
                "sha256:be3e9ccec215e1559ee7b131870f560ca6a25b6ab7a6f74260464f347ac95f8b"
            ],
            "markers": "python_version >= '3.8'",
            "version": "==1.0.9"
        },
        "httpx": {
            "hashes": [
                "sha256:47bb74ed89ab81c77ad94934921a71f6856949c4f5127b964d8de5e8a9a725dc"
            ],
            "markers": "python_version >= '3.8'",
            "version": "==0.28.1"
        },
        "huey": {
            "hashes": [
                "sha256:cf5824c9be49d83f02b9676aac757e0276289d095bc87cdd955da1b2cd681f7e"
            ],
            "version": "==2.6.0"
        },
        "huggingface-hub": {
            "hashes": [
                "sha256:a4c8004ffcf531c9e0cd14099cba4baa2939e90d17e1bdd7d5479471196ebc94"
            ],
            "index": "pip_conf_index_global",
            "markers": "python_full_version >= '3.8.0'",
            "version": "==0.36.0"
        },
        "idna": {
            "hashes": [
                "sha256:7faa6283dfa03e74b827c98b4b8eec76ab533f160062f8190841cf1498e92115"
            ],
            "markers": "python_version >= '3.8'",
            "version": "==3.11"
        },
        "importlib-metadata": {
            "hashes": [
                "sha256:eb43cf50677052846dca655c8ec388ee83e2e51e31ab107684ab3f2704bdee19"
            ],
            "markers": "python_version >= '3.9'",
            "version": "==8.7.1"
        },
        "iniconfig": {
            "hashes": [
                "sha256:1ab9ffd6caaf71e0273d5123e409a4163a4e70a0ff471433b0c7231dc2300c1e"
            ],
            "markers": "python_version >= '3.10'",
            "version": "==2.3.0"
        },
        "instructlab-training": {
            "hashes": [
                "sha256:f2c026d2369212d945e77387e0175bcd675aaca6944f3f074f8bef270a7e2eff"
            ],
            "index": "pip_conf_index_global",
            "markers": "python_version >= '3.11'",
            "version": "==0.13.0"
        },
        "itsdangerous": {
            "hashes": [
                "sha256:095b5204d9a10e0852bbe2962250f14babe5b45f7c78c1f28c383df7257a6954"
            ],
            "markers": "python_version >= '3.8'",
            "version": "==2.2.0"
        },
        "jinja2": {
            "hashes": [
                "sha256:cdca02bb99defb848e5052d4bc1413005e0df0a2c734dfa9417a9250c95cec59"
            ],
            "markers": "python_version >= '3.7'",
            "version": "==3.1.6"
        },
        "joblib": {
            "hashes": [
                "sha256:10ea875c04505e7a4d862c1d07ba9b4772ee26cecc86392ae11bf8606d9fdc68"
            ],
            "markers": "python_version >= '3.9'",
            "version": "==1.5.3"
        },
        "kernels": {
            "hashes": [
                "sha256:dca352258590a653ba9aeff8069a61481f374fc012f1d441d27d90b0eba89a0b"
            ],
            "index": "pip_conf_index_global",
            "markers": "python_version >= '3.9'",
            "version": "==0.11.7"
        },
        "kiwisolver": {
            "hashes": [
                "sha256:34e9467d530eaf5d6f6d4a29e2a36070fbf2cb4a3edaf4642ef914b4e094ab4a",
                "sha256:ac5a4dfdf29b1beaa46b873ab342b58fb77a2978d43834bf1ca14e0ef2c0d01c"
            ],
            "markers": "python_version >= '3.10'",
            "version": "==1.4.9"
        },
        "liger-kernel": {
            "hashes": [
                "sha256:21819c65115e53b6e965d30a7cc84cb2cc023b92108ba049e137f4780c35b40b"
            ],
            "index": "pip_conf_index_global",
            "version": "==0.6.4"
        },
        "llvmlite": {
            "hashes": [
                "sha256:dfeae7ced75540b1adfc0c79d61f6dda8790f1300e859a0652e1d8959fdf8e3c",
                "sha256:fcaebf8df1a0a764215f33675faa20c7e813692701d11e4a583a911c6f6cf1f9"
            ],
            "markers": "python_version >= '3.10'",
            "version": "==0.46.0"
        },
        "mako": {
            "hashes": [
                "sha256:dec0a44c0fbc7afc975e7974ba3a825dc6077427234351fb4ed2db50fe3e7111"
            ],
            "markers": "python_version >= '3.8'",
            "version": "==1.3.10"
        },
        "mamba-ssm": {
            "hashes": [
                "sha256:2a79d44a3346de1cca19bf3433a2f67328b883b71cc7f44cd137057028660e8e",
                "sha256:ed5a03139609a8b3dfe89220d40ba4615f5f587f231cfd222c195250d18d457e"
            ],
            "index": "pip_conf_index_global",
            "markers": "python_version >= '3.9'",
            "version": "==2.2.6.post3"
        },
        "markdown": {
            "hashes": [
                "sha256:70c401a6e943f42e97b39589081a2efcdb7a57565fde613654d4695b8729d4b5"
            ],
            "markers": "python_version >= '3.10'",
            "version": "==3.10"
        },
        "markdown-it-py": {
            "hashes": [
                "sha256:7873edf26e3af5c5274a3da7a6055bd61f6e26c899ffda6035f139ba76159c3b"
            ],
            "markers": "python_version >= '3.10'",
            "version": "==4.0.0"
        },
        "markupsafe": {
            "hashes": [
                "sha256:9ba5796549626dd4914a72125728fc02791dd06b453ab599727beca878b925c6",
                "sha256:f173a237d782c4d512c4b6b0fe180c46fc26a4c39c36f263ea9d5ee15d48978a"
            ],
            "markers": "python_version >= '3.9'",
            "version": "==3.0.3"
        },
        "matplotlib": {
            "hashes": [
                "sha256:44ff0317802c79642c52863b7db7159e9e536d92d6c41c5f97f50eca954c5362",
                "sha256:6a4a6c5fe287e22b52891a775a4ccd12a79bf03cb2fae47e602f4510a2b9b3ff"
            ],
            "markers": "python_version >= '3.10'",
            "version": "==3.10.8"
        },
        "mdurl": {
            "hashes": [
                "sha256:099c0c41870ee9e31ef0031f6824135e398e2d50d49d3e3bf08f8bfb41115354"
            ],
            "markers": "python_version >= '3.7'",
            "version": "==0.1.2"
        },
        "mlflow": {
            "hashes": [
                "sha256:93d4f4ba7349fa7238df1bd843a1c28d96cb5df0fdb53fe0b6b5882e2a5c0e38"
            ],
            "index": "pip_conf_index_global",
            "markers": "python_version >= '3.10'",
            "version": "==3.8.1"
        },
        "mlflow-skinny": {
            "hashes": [
                "sha256:44124a48ad567135c6e56d4501a3d23a8fd53043e8d43e77f5947c5758784d3d"
            ],
            "markers": "python_version >= '3.10'",
            "version": "==3.8.1"
        },
        "mlflow-tracing": {
            "hashes": [
                "sha256:6864499acf1748c2291ed27edc85c4171701f7659b7942cef6c4a7efd2c05ac0"
            ],
            "markers": "python_version >= '3.10'",
            "version": "==3.8.1"
        },
        "mpmath": {
            "hashes": [
                "sha256:0958ee691537cecccd0b2880d835123f37be0563bdea81d70be9f749fdae7c6d"
            ],
            "version": "==1.3.0"
        },
        "msgpack": {
            "hashes": [
                "sha256:a8925c92ac120c8d4459907c0779e76b4565043efc8c52e185e4453027b7b656",
                "sha256:e5d891b3420441ad6490d393065d7d72d6e75e88e55634ba1aaaa996f1509690"
            ],
            "markers": "python_version >= '3.9'",
            "version": "==1.1.2"
        },
        "msgspec": {
            "hashes": [
                "sha256:99906ef6067d15c82e222bdbc6fa8b57043274a815d3895d15ef6b9a69cabca8",
                "sha256:b8f4d8bd2cad63350e2da0dc3f201a9624a56830bea64c4fd17ca00084717e05"
            ],
            "markers": "python_version >= '3.9'",
            "version": "==0.20.0"
        },
        "multidict": {
            "hashes": [
                "sha256:4d15f48df22eb155cd004b0ba419158b81a3a524c25d7df3fa308e6466538790",
                "sha256:8a992f1f301d94e822ab16e4b21ad1a9988619d3343c027f6678564b8ec55b13"
            ],
            "markers": "python_version >= '3.9'",
            "version": "==6.7.0"
        },
        "multiprocess": {
            "hashes": [
                "sha256:d90d67e50639012ee15fe68158acbf147344de1eb21d03e901f6f1bece93a2b7"
            ],
            "markers": "python_version >= '3.8'",
            "version": "==0.70.16"
        },
        "networkx": {
            "hashes": [
                "sha256:3173edf133c34e3f68c0fd63c0f785419fa4a6c9f0a99e3e25bd0153a045e259"
            ],
            "markers": "python_version >= '3.11' and python_full_version != '3.14.1'",
            "version": "==3.6.1"
        },
        "ninja": {
            "hashes": [
                "sha256:47f90dbf078990f997f84623dc04fea2ee5eb2605ae23388a85d2371177fd939"
            ],
            "version": "==1.11.1.1"
        },
        "numba": {
            "hashes": [
                "sha256:936c1f566e3a8ccf3fa3340e240900fdeabd65bbd22aa63998f7743413a7e315",
                "sha256:9d3ceda7862cae9d6ca2281646ae62b9730e1e84c2fa42835570c2af4f227b4e"
            ],
            "index": "pip_conf_index_global",
            "markers": "python_version >= '3.10'",
            "version": "==0.63.1"
        },
        "numpy": {
            "hashes": [
                "sha256:5155929449a31491ecbb8c3e3f22648ffe2c22d51c0fc8ea336e8a26000facd6",
                "sha256:792b4bfb007ca24e7ec4c0b0ab9cb0542d43586a7c91cce445836b2d6d62e251"
            ],
            "index": "pip_conf_index_global",
            "markers": "python_version >= '3.9'",
            "version": "==1.26.4"
        },
        "opentelemetry-api": {
            "hashes": [
                "sha256:ac2accb3c5b2b377c5b7d3d4462cec946cc307e567821afad5a1b3d240aa5ef4"
            ],
            "markers": "python_version >= '3.9'",
            "version": "==1.39.1"
        },
        "opentelemetry-proto": {
            "hashes": [
                "sha256:79198966a615d155a0066605cf3623a8e274a284e8bed0ec36617e34411874de"
            ],
            "markers": "python_version >= '3.9'",
            "version": "==1.39.1"
        },
        "opentelemetry-sdk": {
            "hashes": [
                "sha256:1046747414e4e1d68b824e3311df651b38eebc3173c8dfa84b94ed95a5460249"
            ],
            "markers": "python_version >= '3.9'",
            "version": "==1.39.1"
        },
        "opentelemetry-semantic-conventions": {
            "hashes": [
                "sha256:cda427babaea51c537174db7eb779cfb01ecd01c6a73b293b5972691fe35434e"
            ],
            "markers": "python_version >= '3.9'",
            "version": "==0.60b1"
        },
        "packaging": {
            "hashes": [
                "sha256:869011cfea20ffa9c5b0c7973bd6fd2a53a6a554d244b4985fc485fadeb555c8"
            ],
            "index": "pip_conf_index_global",
            "markers": "python_version >= '3.8'",
            "version": "==25.0"
        },
        "pandas": {
            "hashes": [
                "sha256:6ddaf748d6951a0a30ff7dfef489293dffe3dedfa539701f17efc52243665285",
                "sha256:c18f4b48586175289017082a535c4a6f83f318af860612829a4b73e10f65cd81"
            ],
            "markers": "python_version >= '3.9'",
            "version": "==2.3.3"
        },
        "peft": {
            "hashes": [
                "sha256:65f849171175990822e0ef7467d906c2a069a102cebbfdfe489c7e78b059a970"
            ],
            "index": "pip_conf_index_global",
            "markers": "python_full_version >= '3.10.0'",
            "version": "==0.18.1"
        },
        "pillow": {
            "hashes": [
                "sha256:3c9c269ff2375456f7a68ae1648f9b7a1e308b8d3d6e3e680f3cc683af13b302",
                "sha256:a47e8930721433cf095270d28f0a1efb079cdff06d1f2a6eb8b8fcb2ea5d47b1"
            ],
            "markers": "python_version >= '3.10'",
            "version": "==12.1.0"
        },
        "pluggy": {
            "hashes": [
                "sha256:0b6cda20207a94737b80deb818479fcfca1df8ee36d45700def3ac79ec02cb6b"
            ],
            "markers": "python_version >= '3.9'",
            "version": "==1.6.0"
        },
        "propcache": {
            "hashes": [
                "sha256:0ac0b34f38c09382847a89ef4288ac93f634d2bd1e79c3882d56e6bbc78c0ec8",
                "sha256:4f81ded7eae418ac9272cae98e545f12eb01e2af1418e91d36b06315aca42557"
            ],
            "markers": "python_version >= '3.9'",
            "version": "==0.4.1"
        },
        "protobuf": {
            "hashes": [
                "sha256:9cf08a9bfa91e24d4119501aa4dae54017118d7e2992d707346ad5c51ffdc540",
                "sha256:f4c8db0902b83ce7b91113c3c81fee2276d76e0a11149afab09df69cfdbb7d60"
            ],
            "index": "pip_conf_index_global",
            "markers": "python_version >= '3.9'",
            "version": "==6.33.3"
        },
        "psutil": {
            "hashes": [
                "sha256:0df2671dc7659ff5ac7decc79d48feb58b0725466fbe766ae032ecddacea0ba5",
                "sha256:38ce122ab62cae8aa02fa8c58967db3a8211c2888796ec13686dcd227c71c0b0"
            ],
            "index": "pip_conf_index_global",
            "markers": "python_version >= '3.6'",
            "version": "==7.2.1"
        },
        "py-cpuinfo": {
            "hashes": [
                "sha256:c2cc2561173340631455ed10fa51edec0c322c7d427144cb1dd4282ff6a44922"
            ],
            "index": "pip_conf_index_global",
            "version": "==9.0.0"
        },
        "pyarrow": {
            "hashes": [
                "sha256:6ed7c4c5a5f3453d9f850b0a6350f3ad63f1507b04e38ced020e77f9777b1757",
                "sha256:9a5a42d8027f150e390ba51e85eec82d2c14490aaea4fd4d8ac37826700666c4"
            ],
            "markers": "python_version >= '3.10'",
            "version": "==22.0.0"
        },
        "pyasn1": {
            "hashes": [
                "sha256:612623746b3c9b22edf806f3a827c49c725eb8b113ce2401c870126c6ba91d31"
            ],
            "markers": "python_version >= '3.8'",
            "version": "==0.6.1"
        },
        "pyasn1-modules": {
            "hashes": [
                "sha256:ed4820ee80cfd905f2f53cd6dbb87e852dcc32f158c23c320c601dacda9ba46b"
            ],
            "markers": "python_version >= '3.8'",
            "version": "==0.4.2"
        },
        "pycparser": {
            "hashes": [
                "sha256:9a611123b89a629708906eebc3e162a01e1dad705b2e996008f9d84868856b7e"
            ],
            "markers": "python_version >= '3.8'",
            "version": "==2.23"
        },
        "pydantic": {
            "hashes": [
                "sha256:73e8edf5cca91528b7be88d0ba1e1b325bcf1ea81dfa3085c25f5d2c3f42e549"
            ],
            "index": "pip_conf_index_global",
            "markers": "python_version >= '3.9'",
            "version": "==2.12.5"
        },
        "pydantic-core": {
            "hashes": [
                "sha256:234ed06aac70ff938c73be717b232ff2a21f1f7b32b36f77880621ec594e59e5",
                "sha256:d93a45b405dfa386a892ca759ec428af807552f7131d81841b0abb921d81dd89"
            ],
            "markers": "python_version >= '3.9'",
            "version": "==2.41.5"
        },
        "pygments": {
            "hashes": [
                "sha256:7cade84bcee51aaace552f6a75f2dd31bef09d3dd2f3ca720007827cd3282b68"
            ],
            "markers": "python_version >= '3.8'",
            "version": "==2.19.2"
        },
        "pyparsing": {
            "hashes": [
                "sha256:b2e91c24e0376b3628d1e25a8a39c205ed010af10451f99b3714d06226d25310"
            ],
            "markers": "python_version >= '3.9'",
            "version": "==3.3.1"
        },
        "pytest": {
            "hashes": [
                "sha256:601fb63d510a93c0d101f47c4aa3e4f84d021500d9cfc9f392b2c274a6259ce0"
            ],
            "markers": "python_version >= '3.10'",
            "version": "==9.0.2"
        },
        "python-dateutil": {
            "hashes": [
                "sha256:0c9a451bce003217e647239a6e8cf225f98ef0d68750f08a48a296043287077f"
            ],
            "markers": "python_version >= '2.7' and python_version not in '3.0, 3.1, 3.2'",
            "version": "==2.9.0.post0"
        },
        "python-dotenv": {
            "hashes": [
                "sha256:530b714420c053dbce4dbff862a9caac88ea4da56989a2213771272c0c543d47"
            ],
            "markers": "python_version >= '3.9'",
            "version": "==1.2.1"
        },
        "pytz": {
            "hashes": [
                "sha256:c41e9c0e01bfb118f7d3bf96cb7360215c3222882059969d9329e3c86a158ac3"
            ],
            "version": "==2025.2"
        },
        "pyyaml": {
            "hashes": [
                "sha256:4ecd41210b1cf94feffc20c5a66ec9d44751fe2c0e06db6b71f27421fc0dfb04",
                "sha256:7aad45f44dc6e319b8620489b67826a7d5ec6f7fcfed114928e09fa41509fff5"
            ],
            "index": "pip_conf_index_global",
            "markers": "python_version >= '3.8'",
            "version": "==6.0.3"
        },
        "regex": {
            "hashes": [
                "sha256:50d7d4bead5a4ecc501b5514c2d2a2ff986e06c09200179cb4d0fb82a0c7f05f",
                "sha256:c3444a9b81ba805aaab8d8563f8f594e116dfdf3ff8800c2e220e38f7b234e3c"
            ],
            "markers": "python_version >= '3.9'",
            "version": "==2026.1.15"
        },
        "requests": {
            "hashes": [
                "sha256:88cacdbd64fca1f0f99792688182b37ef623719049b73f578fcf5ab69b2e25b5"
            ],
            "markers": "python_version >= '3.9'",
            "version": "==2.32.5"
        },
        "rhai-innovation-mini-trainer": {
            "hashes": [
                "sha256:f24bd538ca903c7b6174b4c623091ad6c272478b9eb2b1d94c3a2ff378eea78c"
            ],
            "index": "pip_conf_index_global",
            "markers": "python_version >= '3.11' and python_version < '3.13'",
            "version": "==0.5.0"
        },
        "rich": {
            "hashes": [
                "sha256:322c974f4816003515fd2966bab058392c03be1fd9c82a2d03e0ce844c7f6598"
            ],
            "index": "pip_conf_index_global",
            "markers": "python_full_version >= '3.8.0'",
            "version": "==14.2.0"
        },
        "rsa": {
            "hashes": [
                "sha256:9884cae492a92590aeb39582486717196430178ef598c70d8be855727a15f9d1"
            ],
            "markers": "python_version >= '3.6' and python_version < '4'",
            "version": "==4.9.1"
        },
        "safetensors": {
            "hashes": [
                "sha256:3020362b0360fd735a94ee269df668e9ea41eb039c9e438ba41d71c2ad3f51bf",
                "sha256:5a7fffcb45d1a4b7721d7b3da2d1c01b8161cc2f0adc52249d9afaebc9232ab0"
            ],
            "index": "pip_conf_index_global",
            "markers": "python_version >= '3.9'",
            "version": "==0.7.0"
        },
        "scikit-learn": {
            "hashes": [
                "sha256:cca15d50a675fa7b239633552cdc6b4a4dc608bbd14abf13eb4ee402d04fd374",
                "sha256:d85670fd8e315a4ee9b5351ea52df52642d9f919da8bf5dbf8c277494d21c6a5"
            ],
            "markers": "python_version >= '3.11'",
            "version": "==1.8.0"
        },
        "scipy": {
            "hashes": [
                "sha256:88c23a440e537250a201b341e750316171cc888e816896488908e35f58894385",
                "sha256:9252fe0197aa1ecf19a8f6c76777c621d241eb408701a7d4696dd037c46b8d01"
            ],
            "markers": "python_version >= '3.11'",
            "version": "==1.17.0"
        },
        "sentencepiece": {
            "hashes": [
                "sha256:a679ba0493a821653e2adfa637ff5ba0d0e5ce9e31c688ba689ced2969379c0e",
                "sha256:f2868d8521a49cf3b9cf9dda8307a0bf4a4369de0bf24fd5117e9229ba78a579"
            ],
            "index": "pip_conf_index_global",
            "markers": "python_version >= '3.9'",
            "version": "==0.2.1"
        },
        "setuptools": {
            "hashes": [
                "sha256:df560137bf3e610db4f2058150c8ce3bc7ff317d5bf553bda939b3959120ee8c"
            ],
            "markers": "python_version >= '3.9'",
            "version": "==80.9.0"
        },
        "shellingham": {
            "hashes": [
                "sha256:afc705b4d7c390988b678c183aa057097351a9e1f0d6b7b7f4c793916dc5a845"
            ],
            "markers": "python_version >= '3.7'",
            "version": "==1.5.4"
        },
        "simpleeval": {
            "hashes": [
                "sha256:a68ef6aeba6400c5580fad14e4025eebd0ad18ec9a28a297581cd5b4fbeb8b93"
            ],
            "index": "pip_conf_index_global",
            "markers": "python_version >= '3.9'",
            "version": "==1.0.3"
        },
        "six": {
            "hashes": [
                "sha256:f5675718a8bbd7410d8e04d6174b4fb098a172ec73c0b5fa6b94a3166ae75859"
            ],
            "markers": "python_version >= '2.7' and python_version not in '3.0, 3.1, 3.2'",
            "version": "==1.17.0"
        },
        "smmap": {
            "hashes": [
                "sha256:3513d957bdcbe6d6694879ea6a2b2b9ef194b4b3145bbdae4f2bce6ee38d5a66"
            ],
            "markers": "python_version >= '3.7'",
            "version": "==5.0.2"
        },
        "sqlalchemy": {
            "hashes": [
                "sha256:772714d8e0dcdcd55cd50d5de96ca7443c8acdfdc6efed40d6c5712745e7ad7c",
                "sha256:db529a414ec36388bf7d66a68eadeded5fe9229de4054d638cfa6babd8cfcc6d"
            ],
            "markers": "python_version >= '3.7'",
            "version": "==2.0.45"
        },
        "sqlparse": {
            "hashes": [
                "sha256:0b8d3e630dcf7fe741b785005db43caf5f526f76b13bef4c1ce150915ee338be"
            ],
            "markers": "python_version >= '3.8'",
            "version": "==0.5.5"
        },
        "starlette": {
            "hashes": [
                "sha256:73170a012777f73f71ae3e6a241acd2692317a3b39353c10789719501ab4accb"
            ],
            "markers": "python_version >= '3.10'",
            "version": "==0.50.0"
        },
        "sympy": {
            "hashes": [
                "sha256:60c7b098c5ec43d79a06518c5c734cf9567d0c1c3a31b1ebf3bc3904a1111ee8"
            ],
            "markers": "python_version >= '3.9'",
            "version": "==1.14.0"
        },
        "tensorboard": {
            "hashes": [
                "sha256:9dc9f978cb84c0723acf9a345d96c184f0293d18f166bb8d59ee098e6cfaaba6"
            ],
            "index": "pip_conf_index_global",
            "markers": "python_version >= '3.9'",
            "version": "==2.20.0"
        },
        "tensorboard-data-server": {
            "hashes": [
                "sha256:7e0610d205889588983836ec05dc098e80f97b7e7bbff7e994ebb78f578d0ddb"
            ],
            "markers": "python_version >= '3.7'",
            "version": "==0.7.2"
        },
        "threadpoolctl": {
            "hashes": [
                "sha256:b82b631244170ea0ec901c8cc78b1d256fc43f00921a79f87e5830dfd3836e58"
            ],
            "markers": "python_version >= '3.9'",
            "version": "==3.6.0"
        },
        "tokenizers": {
            "hashes": [
                "sha256:15f410e7be2ae77adee2dfffbdc7a386f8819d5941d8f405925f662eecd5484c",
                "sha256:e41778eb2b2a83a517e492d512b34ad65bd1de2e6db152afdcf9ff9f40f97802"
            ],
            "index": "pip_conf_index_global",
            "markers": "python_version >= '3.9'",
            "version": "==0.22.2"
        },
        "torch": {
            "hashes": [
                "sha256:230c979541ddd9461aef7f82f3e0c70566d18ec581df68742468099838277b8e",
                "sha256:fbc133d82640974297d0093f19038b8da3f25208d2cb62cec6877d5ec1f8ddc4"
            ],
            "index": "pip_conf_index_global",
            "markers": "python_version >= '3.10'",
            "version": "==2.9.0"
        },
        "torchao": {
            "hashes": [
                "sha256:7a25d93c090a5e36355fc475936556870617aabc7a340890043eafddb1a233b1",
                "sha256:929818618da354f67fdcd1e32570c0c14f35302d9100f1040cacbb6b7792d549"
            ],
            "version": "==0.15.0+git"
        },
        "torchvision": {
            "hashes": [
                "sha256:6f1257f48d1034bc40687fba26655d35c14e3c964b9adb974dc30524105795d3",
                "sha256:7acedb156294d1c23228dd63a56eb7b3fbfbee9f4f6892f8b01c5bbaf67da574"
            ],
            "markers": "python_version >= '3.10'",
            "version": "==0.24.0"
        },
        "tqdm": {
            "hashes": [
                "sha256:e992e8d4438f949d351b3beb9c5bb3eb5ffb20bceed1b22712a47bf768793705"
            ],
            "index": "pip_conf_index_global",
            "markers": "python_version >= '3.7'",
            "version": "==4.67.1"
        },
        "training-hub": {
            "extras": [
                "lora"
            ],
            "hashes": [
                "sha256:71982a7a1fd38b0681cbdad96b87c59fd915db4c9d9b11ec4e4465b369265d0d"
            ],
            "markers": "python_version >= '3.11'",
            "version": "==0.5.0"
        },
        "transformers": {
            "hashes": [
                "sha256:03191dcd8822dd7ee007333e19094d1851a523b0730e0b798a3b83f864bc7512"
            ],
            "index": "pip_conf_index_global",
            "markers": "python_full_version >= '3.9.0'",
            "version": "==4.57.3"
        },
        "triton": {
            "hashes": [
                "sha256:01d59bc9da89fd7ba1d29471b9c72193cc09718b2e120be898a9853a381568ee",
                "sha256:46d4533039311e7e4a092308cdd311758a398d00461fb8436038cda2c22885fb"
            ],
            "markers": "python_version >= '3.10' and python_version < '3.15'",
            "version": "==3.5.0"
        },
        "trl": {
            "hashes": [
                "sha256:768d7aa9b09c5ff8d44a92d16e073e3430f9f92dc50c5d3b405935e5a84e2f0b"
            ],
            "index": "pip_conf_index_global",
            "markers": "python_version >= '3.9'",
            "version": "==0.24.0"
        },
        "typeguard": {
            "hashes": [
                "sha256:68dd091e6c7d823dc8ffaf6cba876281e8e4c42085d592937695e2bc9be492a1"
            ],
            "markers": "python_version >= '3.9'",
            "version": "==4.4.4"
        },
        "typer": {
            "hashes": [
                "sha256:92c1cba5ff89eaee1ac727e16d8a16b3042c16248f07af4c37f9c77c89bb2a86"
            ],
            "index": "pip_conf_index_global",
            "markers": "python_version >= '3.9'",
            "version": "==0.21.1"
        },
        "typing-extensions": {
            "hashes": [
                "sha256:a23bf902f2e86516896f2cd3b66a25d06f22407db1556cbb7f98e6b00dd396e5"
            ],
            "markers": "python_version >= '3.9'",
            "version": "==4.15.0"
        },
        "typing-inspection": {
            "hashes": [
                "sha256:0a978647d068c8fe17727315274fc51c411bcddb3500532c00bb4bd3ccc957ca"
            ],
            "markers": "python_version >= '3.9'",
            "version": "==0.4.2"
        },
        "tyro": {
            "hashes": [
                "sha256:b503426adefa01b18b19e45b9a3d5843e53d790b84088497cc68aee8818a9b8f"
            ],
            "markers": "python_version >= '3.8'",
            "version": "==1.0.5"
        },
        "tzdata": {
            "hashes": [
                "sha256:94a30c35877af561c2ab394069b1a977a6097fba390733b10a6f8dfc54752932"
            ],
            "markers": "python_version >= '2'",
            "version": "==2025.3"
        },
        "unsloth": {
            "hashes": [
                "sha256:a3fe385405195c19131b7129e6f2aa8ae339985d7f880a8417edc585775a0c8e"
            ],
            "markers": "python_version < '3.14' and python_version >= '3.9'",
            "version": "==2026.1.3"
        },
        "unsloth-zoo": {
            "hashes": [
                "sha256:8595b4cacda0576313c711dd708247c2e49f8b5052210cb19170957a5515d8f6"
            ],
            "markers": "python_version < '3.14' and python_version >= '3.9'",
            "version": "==2026.1.3"
        },
        "urllib3": {
            "hashes": [
                "sha256:bb2a62ad04f7bc0710439ce357204eccd2f01ac5ba696a6e2b1e39837c94a25d"
            ],
            "markers": "python_version >= '3.9'",
            "version": "==2.6.3"
        },
        "uvicorn": {
            "hashes": [
                "sha256:20078151c59eb1c509b4201b8310ae00b553eb766ef17e1ddd5336f418f4c3f0"
            ],
            "markers": "python_version >= '3.10'",
            "version": "==0.40.0"
        },
        "werkzeug": {
            "hashes": [
                "sha256:421059d0b64a711e22f3b782bc45c508406f428e277b56427d610288a49f8a87"
            ],
            "markers": "python_version >= '3.9'",
            "version": "==3.1.5"
        },
        "wheel": {
            "hashes": [
                "sha256:884b94f5aa8dbd11a7b0fabaabd9b7ad6df9e94831924dc787b1250a867f40b8"
            ],
            "markers": "python_version >= '3.8'",
            "version": "==0.45.1"
        },
        "wrapt": {
            "hashes": [
                "sha256:1ed2541c3e88520c2a4c3c868731e11c7f16c29539d4608090bc53b2584c975c",
                "sha256:b9cfffdabd6c3378651d8cba83ed55da4271e03c7e835db46cf9ba168e7017b1"
            ],
            "markers": "python_version >= '3.8'",
            "version": "==2.0.1"
        },
        "xformers": {
            "hashes": [
                "sha256:3219101b22eb482e9c0ef1a7b2e76bba6a038e667d496ece212b79a4ae503b9a",
                "sha256:a9fff698acf631e962bb610aac032033f4591131d20de3793a81ca2125791005"
            ],
            "markers": "python_version >= '3.9'",
            "version": "==0.0.33.post2"
        },
        "xxhash": {
            "hashes": [
                "sha256:426cffa04653790f78370e6aac9609973956f89717b5947974b565a27c60fe15",
                "sha256:dbc3962896c29ad51a4dbc8187ca4a557fd552093a856d83a6c9b5056d7808fd"
            ],
            "markers": "python_version >= '3.7'",
            "version": "==3.6.0"
        },
        "yarl": {
            "hashes": [
                "sha256:50bd7120e5be4742012d2819469c6b46a71a4ea8fe9b6a504c4525cd9aa43c83",
                "sha256:6fdb934559f7ca8da866915b84f287264f02454c9d5f1a04208be0bfc09faac2"
            ],
            "markers": "python_version >= '3.9'",
            "version": "==1.22.0"
        },
        "zipp": {
            "hashes": [
                "sha256:1d0dc3c19b1473102521f8880532cff936c930c1811849aa09a64b3a3b86f563"
            ],
            "markers": "python_version >= '3.9'",
            "version": "==3.23.0"
        }
    },
    "develop": {}
}
