---
lockfileVersion: 1
lockfileVendor: redhat
arches:
- arch: x86_64
  packages:
  - url: https://cdn.redhat.com/content/eus/rhel9/9.6/x86_64/appstream/os/Packages/i/infiniband-diags-54.0-2.el9_6.x86_64.rpm
    repoid: rhel-9-for-x86_64-appstream-eus-rpms
    size: 340878
    checksum: sha256:12457fb9230714d9f8aa7c27eb297e4076330b01dbfe25ba1f85010f1dab54f6
    name: infiniband-diags
    evr: 54.0-2.el9_6
    sourcerpm: rdma-core-54.0-2.el9_6.src.rpm
  - url: https://cdn.redhat.com/content/eus/rhel9/9.6/x86_64/baseos/os/Packages/o/openssh-8.7p1-45.el9_6.2.x86_64.rpm
    repoid: rhel-9-for-x86_64-baseos-eus-rpms
    size: 467767
    checksum: sha256:565be9396284a3e184e9ed191f0f37017ea38b746edc4d1e949ad325809ea3a8
    name: openssh
    evr: 8.7p1-45.el9_6.2
    sourcerpm: openssh-8.7p1-45.el9_6.2.src.rpm
  - url: https://cdn.redhat.com/content/eus/rhel9/9.6/x86_64/baseos/os/Packages/o/openssh-clients-8.7p1-45.el9_6.2.x86_64.rpm
    repoid: rhel-9-for-x86_64-baseos-eus-rpms
    size: 728730
    checksum: sha256:4773b6813ea7d5336140d853474333292470d4dc83842403d8eb7feaee45d5c4
    name: openssh-clients
    evr: 8.7p1-45.el9_6.2
    sourcerpm: openssh-8.7p1-45.el9_6.2.src.rpm
  - url: https://cdn.redhat.com/content/eus/rhel9/9.6/x86_64/baseos/os/Packages/o/openssh-server-8.7p1-45.el9_6.2.x86_64.rpm
    repoid: rhel-9-for-x86_64-baseos-eus-rpms
    size: 467579
    checksum: sha256:1e7852baed174ab75d0353ebe1069f1c6d1f16b737d179e6d673d98594aab3e9
    name: openssh-server
    evr: 8.7p1-45.el9_6.2
    sourcerpm: openssh-8.7p1-45.el9_6.2.src.rpm
  - url: https://cdn.redhat.com/content/eus/rhel9/9.6/x86_64/baseos/os/Packages/r/rdma-core-54.0-2.el9_6.x86_64.rpm
    repoid: rhel-9-for-x86_64-baseos-eus-rpms
    size: 63025
    checksum: sha256:72359157586492a23c9db5937e342aa578662547de2b182bc56504e2df737392
    name: rdma-core
    evr: 54.0-2.el9_6
    sourcerpm: rdma-core-54.0-2.el9_6.src.rpm
  source: []
  module_metadata: []
